
Microsoft Visual Studio Solution File, Format Version 12.00
# Visual Studio 2012
Project("{FAE04EC0-301F-11D3-BF4B-00C04F79EFBC}") = "Web", "Web\Web.csproj", "{C862C17F-E6AC-4ED7-8BDA-5BCD46675223}"
EndProject
Project("{FAE04EC0-301F-11D3-BF4B-00C04F79EFBC}") = "Application", "Application\Application.csproj", "{2AE5B5CA-1163-4A8D-A40C-79E7224915D1}"
EndProject
Project("{FAE04EC0-301F-11D3-BF4B-00C04F79EFBC}") = "Tests", "Tests\Tests.csproj", "{B2EB294C-A7D9-4850-A9C8-064D539BAA7D}"
EndProject
Project("{FAE04EC0-301F-11D3-BF4B-00C04F79EFBC}") = "Data", "Data\Data.csproj", "{7597660A-463E-433B-A420-7541A81AAE4F}"
EndProject
Project("{2150E333-8FDC-42A3-9474-1A3956D46DE8}") = "Solution Items", "Solution Items", "{9A90EC31-4E48-487E-9CB1-25D50E8ACE6F}"
	ProjectSection(SolutionItems) = preProject
		README.md = README.md
	EndProjectSection
EndProject
Project("{00D1A9C2-B5F0-4AF3-8072-F6C62B433612}") = "BlogEngineDb", "BlogEngineDb\BlogEngineDb.sqlproj", "{6895A409-2A96-4E1D-9349-2DAF527E1A4B}"
EndProject
Project("{2150E333-8FDC-42A3-9474-1A3956D46DE8}") = ".nuget", ".nuget", "{A282E2C9-6EA7-480B-AC3C-9A7B21571DBE}"
EndProject
Global
	GlobalSection(SolutionConfigurationPlatforms) = preSolution
		Debug|Any CPU = Debug|Any CPU
		Release|Any CPU = Release|Any CPU
	EndGlobalSection
	GlobalSection(ProjectConfigurationPlatforms) = postSolution
		{C862C17F-E6AC-4ED7-8BDA-5BCD46675223}.Debug|Any CPU.ActiveCfg = Debug|Any CPU
		{C862C17F-E6AC-4ED7-8BDA-5BCD46675223}.Debug|Any CPU.Build.0 = Debug|Any CPU
		{C862C17F-E6AC-4ED7-8BDA-5BCD46675223}.Release|Any CPU.ActiveCfg = Release|Any CPU
		{C862C17F-E6AC-4ED7-8BDA-5BCD46675223}.Release|Any CPU.Build.0 = Release|Any CPU
		{2AE5B5CA-1163-4A8D-A40C-79E7224915D1}.Debug|Any CPU.ActiveCfg = Debug|Any CPU
		{2AE5B5CA-1163-4A8D-A40C-79E7224915D1}.Debug|Any CPU.Build.0 = Debug|Any CPU
		{2AE5B5CA-1163-4A8D-A40C-79E7224915D1}.Release|Any CPU.ActiveCfg = Release|Any CPU
		{2AE5B5CA-1163-4A8D-A40C-79E7224915D1}.Release|Any CPU.Build.0 = Release|Any CPU
		{B2EB294C-A7D9-4850-A9C8-064D539BAA7D}.Debug|Any CPU.ActiveCfg = Debug|Any CPU
		{B2EB294C-A7D9-4850-A9C8-064D539BAA7D}.Debug|Any CPU.Build.0 = Debug|Any CPU
		{B2EB294C-A7D9-4850-A9C8-064D539BAA7D}.Release|Any CPU.ActiveCfg = Release|Any CPU
		{B2EB294C-A7D9-4850-A9C8-064D539BAA7D}.Release|Any CPU.Build.0 = Release|Any CPU
		{7597660A-463E-433B-A420-7541A81AAE4F}.Debug|Any CPU.ActiveCfg = Debug|Any CPU
		{7597660A-463E-433B-A420-7541A81AAE4F}.Debug|Any CPU.Build.0 = Debug|Any CPU
		{7597660A-463E-433B-A420-7541A81AAE4F}.Release|Any CPU.ActiveCfg = Release|Any CPU
		{7597660A-463E-433B-A420-7541A81AAE4F}.Release|Any CPU.Build.0 = Release|Any CPU
		{6895A409-2A96-4E1D-9349-2DAF527E1A4B}.Debug|Any CPU.ActiveCfg = Debug|Any CPU
		{6895A409-2A96-4E1D-9349-2DAF527E1A4B}.Debug|Any CPU.Build.0 = Debug|Any CPU
		{6895A409-2A96-4E1D-9349-2DAF527E1A4B}.Debug|Any CPU.Deploy.0 = Debug|Any CPU
		{6895A409-2A96-4E1D-9349-2DAF527E1A4B}.Release|Any CPU.ActiveCfg = Release|Any CPU
		{6895A409-2A96-4E1D-9349-2DAF527E1A4B}.Release|Any CPU.Build.0 = Release|Any CPU
		{6895A409-2A96-4E1D-9349-2DAF527E1A4B}.Release|Any CPU.Deploy.0 = Release|Any CPU
	EndGlobalSection
	GlobalSection(SolutionProperties) = preSolution
		HideSolutionNode = FALSE
	EndGlobalSection
EndGlobal
